// !$*UTF8*$!
{
	archiveVersion = 1;
	classes = {
	};
	objectVersion = 46;
	objects = {

/* Begin PBXBuildFile section */
		B04FC26819B4405700B2F2A9 /* Foundation.framework in Frameworks */ = {isa = PBXBuildFile; fileRef = B04FC26719B4405700B2F2A9 /* Foundation.framework */; };
		B04FC26A19B4405700B2F2A9 /* CoreGraphics.framework in Frameworks */ = {isa = PBXBuildFile; fileRef = B04FC26919B4405700B2F2A9 /* CoreGraphics.framework */; };
		B04FC26C19B4405700B2F2A9 /* UIKit.framework in Frameworks */ = {isa = PBXBuildFile; fileRef = B04FC26B19B4405700B2F2A9 /* UIKit.framework */; };
		B04FC27219B4405700B2F2A9 /* InfoPlist.strings in Resources */ = {isa = PBXBuildFile; fileRef = B04FC27019B4405700B2F2A9 /* InfoPlist.strings */; };
		B04FC27419B4405700B2F2A9 /* main.m in Sources */ = {isa = PBXBuildFile; fileRef = B04FC27319B4405700B2F2A9 /* main.m */; };
		B04FC27819B4405700B2F2A9 /* AppDelegate.m in Sources */ = {isa = PBXBuildFile; fileRef = B04FC27719B4405700B2F2A9 /* AppDelegate.m */; };
		B04FC27B19B4405700B2F2A9 /* Main.storyboard in Resources */ = {isa = PBXBuildFile; fileRef = B04FC27919B4405700B2F2A9 /* Main.storyboard */; };
		B04FC27E19B4405800B2F2A9 /* ViewController.m in Sources */ = {isa = PBXBuildFile; fileRef = B04FC27D19B4405800B2F2A9 /* ViewController.m */; };
		B04FC28019B4405800B2F2A9 /* Images.xcassets in Resources */ = {isa = PBXBuildFile; fileRef = B04FC27F19B4405800B2F2A9 /* Images.xcassets */; };
		B04FC28719B4405800B2F2A9 /* XCTest.framework in Frameworks */ = {isa = PBXBuildFile; fileRef = B04FC28619B4405800B2F2A9 /* XCTest.framework */; };
		B04FC28819B4405800B2F2A9 /* Foundation.framework in Frameworks */ = {isa = PBXBuildFile; fileRef = B04FC26719B4405700B2F2A9 /* Foundation.framework */; };
		B04FC28919B4405800B2F2A9 /* UIKit.framework in Frameworks */ = {isa = PBXBuildFile; fileRef = B04FC26B19B4405700B2F2A9 /* UIKit.framework */; };
		B04FC29119B4405800B2F2A9 /* InfoPlist.strings in Resources */ = {isa = PBXBuildFile; fileRef = B04FC28F19B4405800B2F2A9 /* InfoPlist.strings */; };
		B04FC29319B4405800B2F2A9 /* ProjectTraxTests.m in Sources */ = {isa = PBXBuildFile; fileRef = B04FC29219B4405800B2F2A9 /* ProjectTraxTests.m */; };
/* End PBXBuildFile section */

/* Begin PBXContainerItemProxy section */
		B04FC28A19B4405800B2F2A9 /* PBXContainerItemProxy */ = {
			isa = PBXContainerItemProxy;
			containerPortal = B04FC25C19B4405700B2F2A9 /* Project object */;
			proxyType = 1;
			remoteGlobalIDString = B04FC26319B4405700B2F2A9;
			remoteInfo = ProjectTrax;
		};
/* End PBXContainerItemProxy section */

/* Begin PBXFileReference section */
		B04FC26419B4405700B2F2A9 /* ProjectTrax.app */ = {isa = PBXFileReference; explicitFileType = wrapper.application; includeInIndex = 0; path = ProjectTrax.app; sourceTree = BUILT_PRODUCTS_DIR; };
		B04FC26719B4405700B2F2A9 /* Foundation.framework */ = {isa = PBXFileReference; lastKnownFileType = wrapper.framework; name = Foundation.framework; path = System/Library/Frameworks/Foundation.framework; sourceTree = SDKROOT; };
		B04FC26919B4405700B2F2A9 /* CoreGraphics.framework */ = {isa = PBXFileReference; lastKnownFileType = wrapper.framework; name = CoreGraphics.framework; path = System/Library/Frameworks/CoreGraphics.framework; sourceTree = SDKROOT; };
		B04FC26B19B4405700B2F2A9 /* UIKit.framework */ = {isa = PBXFileReference; lastKnownFileType = wrapper.framework; name = UIKit.framework; path = System/Library/Frameworks/UIKit.framework; sourceTree = SDKROOT; };
		B04FC26F19B4405700B2F2A9 /* ProjectTrax-Info.plist */ = {isa = PBXFileReference; lastKnownFileType = text.plist.xml; path = "ProjectTrax-Info.plist"; sourceTree = "<group>"; };
		B04FC27119B4405700B2F2A9 /* en */ = {isa = PBXFileReference; lastKnownFileType = text.plist.strings; name = en; path = en.lproj/InfoPlist.strings; sourceTree = "<group>"; };
		B04FC27319B4405700B2F2A9 /* main.m */ = {isa = PBXFileReference; lastKnownFileType = sourcecode.c.objc; path = main.m; sourceTree = "<group>"; };
		B04FC27519B4405700B2F2A9 /* ProjectTrax-Prefix.pch */ = {isa = PBXFileReference; lastKnownFileType = sourcecode.c.h; path = "ProjectTrax-Prefix.pch"; sourceTree = "<group>"; };
		B04FC27619B4405700B2F2A9 /* AppDelegate.h */ = {isa = PBXFileReference; lastKnownFileType = sourcecode.c.h; path = AppDelegate.h; sourceTree = "<group>"; };
		B04FC27719B4405700B2F2A9 /* AppDelegate.m */ = {isa = PBXFileReference; lastKnownFileType = sourcecode.c.objc; path = AppDelegate.m; sourceTree = "<group>"; };
		B04FC27A19B4405700B2F2A9 /* Base */ = {isa = PBXFileReference; lastKnownFileType = file.storyboard; name = Base; path = Base.lproj/Main.storyboard; sourceTree = "<group>"; };
		B04FC27C19B4405700B2F2A9 /* ViewController.h */ = {isa = PBXFileReference; lastKnownFileType = sourcecode.c.h; path = ViewController.h; sourceTree = "<group>"; };
		B04FC27D19B4405800B2F2A9 /* ViewController.m */ = {isa = PBXFileReference; lastKnownFileType = sourcecode.c.objc; path = ViewController.m; sourceTree = "<group>"; };
		B04FC27F19B4405800B2F2A9 /* Images.xcassets */ = {isa = PBXFileReference; lastKnownFileType = folder.assetcatalog; path = Images.xcassets; sourceTree = "<group>"; };
		B04FC28519B4405800B2F2A9 /* ProjectTraxTests.xctest */ = {isa = PBXFileReference; explicitFileType = wrapper.cfbundle; includeInIndex = 0; path = ProjectTraxTests.xctest; sourceTree = BUILT_PRODUCTS_DIR; };
		B04FC28619B4405800B2F2A9 /* XCTest.framework */ = {isa = PBXFileReference; lastKnownFileType = wrapper.framework; name = XCTest.framework; path = Library/Frameworks/XCTest.framework; sourceTree = DEVELOPER_DIR; };
		B04FC28E19B4405800B2F2A9 /* ProjectTraxTests-Info.plist */ = {isa = PBXFileReference; lastKnownFileType = text.plist.xml; path = "ProjectTraxTests-Info.plist"; sourceTree = "<group>"; };
		B04FC29019B4405800B2F2A9 /* en */ = {isa = PBXFileReference; lastKnownFileType = text.plist.strings; name = en; path = en.lproj/InfoPlist.strings; sourceTree = "<group>"; };
		B04FC29219B4405800B2F2A9 /* ProjectTraxTests.m */ = {isa = PBXFileReference; lastKnownFileType = sourcecode.c.objc; path = ProjectTraxTests.m; sourceTree = "<group>"; };
/* End PBXFileReference section */

/* Begin PBXFrameworksBuildPhase section */
		B04FC26119B4405700B2F2A9 /* Frameworks */ = {
			isa = PBXFrameworksBuildPhase;
			buildActionMask = 2147483647;
			files = (
				B04FC26A19B4405700B2F2A9 /* CoreGraphics.framework in Frameworks */,
				B04FC26C19B4405700B2F2A9 /* UIKit.framework in Frameworks */,
				B04FC26819B4405700B2F2A9 /* Foundation.framework in Frameworks */,
			);
			runOnlyForDeploymentPostprocessing = 0;
		};
		B04FC28219B4405800B2F2A9 /* Frameworks */ = {
			isa = PBXFrameworksBuildPhase;
			buildActionMask = 2147483647;
			files = (
				B04FC28719B4405800B2F2A9 /* XCTest.framework in Frameworks */,
				B04FC28919B4405800B2F2A9 /* UIKit.framework in Frameworks */,
				B04FC28819B4405800B2F2A9 /* Foundation.framework in Frameworks */,
			);
			runOnlyForDeploymentPostprocessing = 0;
		};
/* End PBXFrameworksBuildPhase section */

/* Begin PBXGroup section */
		B04FC25B19B4405700B2F2A9 = {
			isa = PBXGroup;
			children = (
				B04FC26D19B4405700B2F2A9 /* ProjectTrax */,
				B04FC28C19B4405800B2F2A9 /* ProjectTraxTests */,
				B04FC26619B4405700B2F2A9 /* Frameworks */,
				B04FC26519B4405700B2F2A9 /* Products */,
			);
			sourceTree = "<group>";
		};
		B04FC26519B4405700B2F2A9 /* Products */ = {
			isa = PBXGroup;
			children = (
				B04FC26419B4405700B2F2A9 /* ProjectTrax.app */,
				B04FC28519B4405800B2F2A9 /* ProjectTraxTests.xctest */,
			);
			name = Products;
			sourceTree = "<group>";
		};
		B04FC26619B4405700B2F2A9 /* Frameworks */ = {
			isa = PBXGroup;
			children = (
				B04FC26719B4405700B2F2A9 /* Foundation.framework */,
				B04FC26919B4405700B2F2A9 /* CoreGraphics.framework */,
				B04FC26B19B4405700B2F2A9 /* UIKit.framework */,
				B04FC28619B4405800B2F2A9 /* XCTest.framework */,
			);
			name = Frameworks;
			sourceTree = "<group>";
		};
		B04FC26D19B4405700B2F2A9 /* ProjectTrax */ = {
			isa = PBXGroup;
			children = (
				B04FC27619B4405700B2F2A9 /* AppDelegate.h */,
				B04FC27719B4405700B2F2A9 /* AppDelegate.m */,
				B04FC27919B4405700B2F2A9 /* Main.storyboard */,
				B04FC27C19B4405700B2F2A9 /* ViewController.h */,
				B04FC27D19B4405800B2F2A9 /* ViewController.m */,
				B04FC27F19B4405800B2F2A9 /* Images.xcassets */,
				B04FC26E19B4405700B2F2A9 /* Supporting Files */,
			);
			path = ProjectTrax;
			sourceTree = "<group>";
		};
		B04FC26E19B4405700B2F2A9 /* Supporting Files */ = {
			isa = PBXGroup;
			children = (
				B04FC26F19B4405700B2F2A9 /* ProjectTrax-Info.plist */,
				B04FC27019B4405700B2F2A9 /* InfoPlist.strings */,
				B04FC27319B4405700B2F2A9 /* main.m */,
				B04FC27519B4405700B2F2A9 /* ProjectTrax-Prefix.pch */,
			);
			name = "Supporting Files";
			sourceTree = "<group>";
		};
		B04FC28C19B4405800B2F2A9 /* ProjectTraxTests */ = {
			isa = PBXGroup;
			children = (
				B04FC29219B4405800B2F2A9 /* ProjectTraxTests.m */,
				B04FC28D19B4405800B2F2A9 /* Supporting Files */,
			);
			path = ProjectTraxTests;
			sourceTree = "<group>";
		};
		B04FC28D19B4405800B2F2A9 /* Supporting Files */ = {
			isa = PBXGroup;
			children = (
				B04FC28E19B4405800B2F2A9 /* ProjectTraxTests-Info.plist */,
				B04FC28F19B4405800B2F2A9 /* InfoPlist.strings */,
			);
			name = "Supporting Files";
			sourceTree = "<group>";
		};
/* End PBXGroup section */

/* Begin PBXNativeTarget section */
		B04FC26319B4405700B2F2A9 /* ProjectTrax */ = {
			isa = PBXNativeTarget;
			buildConfigurationList = B04FC29619B4405800B2F2A9 /* Build configuration list for PBXNativeTarget "ProjectTrax" */;
			buildPhases = (
				B04FC26019B4405700B2F2A9 /* Sources */,
				B04FC26119B4405700B2F2A9 /* Frameworks */,
				B04FC26219B4405700B2F2A9 /* Resources */,
			);
			buildRules = (
			);
			dependencies = (
			);
			name = ProjectTrax;
			productName = ProjectTrax;
			productReference = B04FC26419B4405700B2F2A9 /* ProjectTrax.app */;
			productType = "com.apple.product-type.application";
		};
		B04FC28419B4405800B2F2A9 /* ProjectTraxTests */ = {
			isa = PBXNativeTarget;
			buildConfigurationList = B04FC29919B4405800B2F2A9 /* Build configuration list for PBXNativeTarget "ProjectTraxTests" */;
			buildPhases = (
				B04FC28119B4405800B2F2A9 /* Sources */,
				B04FC28219B4405800B2F2A9 /* Frameworks */,
				B04FC28319B4405800B2F2A9 /* Resources */,
			);
			buildRules = (
			);
			dependencies = (
				B04FC28B19B4405800B2F2A9 /* PBXTargetDependency */,
			);
			name = ProjectTraxTests;
			productName = ProjectTraxTests;
			productReference = B04FC28519B4405800B2F2A9 /* ProjectTraxTests.xctest */;
			productType = "com.apple.product-type.bundle.unit-test";
		};
/* End PBXNativeTarget section */

/* Begin PBXProject section */
		B04FC25C19B4405700B2F2A9 /* Project object */ = {
			isa = PBXProject;
			attributes = {
				LastUpgradeCheck = 0510;
				ORGANIZATIONNAME = "ITSS TS";
				TargetAttributes = {
					B04FC28419B4405800B2F2A9 = {
						TestTargetID = B04FC26319B4405700B2F2A9;
					};
				};
			};
			buildConfigurationList = B04FC25F19B4405700B2F2A9 /* Build configuration list for PBXProject "ProjectTrax" */;
			compatibilityVersion = "Xcode 3.2";
			developmentRegion = English;
			hasScannedForEncodings = 0;
			knownRegions = (
				en,
				Base,
			);
			mainGroup = B04FC25B19B4405700B2F2A9;
			productRefGroup = B04FC26519B4405700B2F2A9 /* Products */;
			projectDirPath = "";
			projectRoot = "";
			targets = (
				B04FC26319B4405700B2F2A9 /* ProjectTrax */,
				B04FC28419B4405800B2F2A9 /* ProjectTraxTests */,
			);
		};
/* End PBXProject section */

/* Begin PBXResourcesBuildPhase section */
		B04FC26219B4405700B2F2A9 /* Resources */ = {
			isa = PBXResourcesBuildPhase;
			buildActionMask = 2147483647;
			files = (
				B04FC28019B4405800B2F2A9 /* Images.xcassets in Resources */,
				B04FC27219B4405700B2F2A9 /* InfoPlist.strings in Resources */,
				B04FC27B19B4405700B2F2A9 /* Main.storyboard in Resources */,
			);
			runOnlyForDeploymentPostprocessing = 0;
		};
		B04FC28319B4405800B2F2A9 /* Resources */ = {
			isa = PBXResourcesBuildPhase;
			buildActionMask = 2147483647;
			files = (
				B04FC29119B4405800B2F2A9 /* InfoPlist.strings in Resources */,
			);
			runOnlyForDeploymentPostprocessing = 0;
		};
/* End PBXResourcesBuildPhase section */

/* Begin PBXSourcesBuildPhase section */
		B04FC26019B4405700B2F2A9 /* Sources */ = {
			isa = PBXSourcesBuildPhase;
			buildActionMask = 2147483647;
			files = (
				B04FC27E19B4405800B2F2A9 /* ViewController.m in Sources */,
				B04FC27819B4405700B2F2A9 /* AppDelegate.m in Sources */,
				B04FC27419B4405700B2F2A9 /* main.m in Sources */,
			);
			runOnlyForDeploymentPostprocessing = 0;
		};
		B04FC28119B4405800B2F2A9 /* Sources */ = {
			isa = PBXSourcesBuildPhase;
			buildActionMask = 2147483647;
			files = (
				B04FC29319B4405800B2F2A9 /* ProjectTraxTests.m in Sources */,
			);
			runOnlyForDeploymentPostprocessing = 0;
		};
/* End PBXSourcesBuildPhase section */

/* Begin PBXTargetDependency section */
		B04FC28B19B4405800B2F2A9 /* PBXTargetDependency */ = {
			isa = PBXTargetDependency;
			target = B04FC26319B4405700B2F2A9 /* ProjectTrax */;
			targetProxy = B04FC28A19B4405800B2F2A9 /* PBXContainerItemProxy */;
		};
/* End PBXTargetDependency section */

/* Begin PBXVariantGroup section */
		B04FC27019B4405700B2F2A9 /* InfoPlist.strings */ = {
			isa = PBXVariantGroup;
			children = (
				B04FC27119B4405700B2F2A9 /* en */,
			);
			name = InfoPlist.strings;
			sourceTree = "<group>";
		};
		B04FC27919B4405700B2F2A9 /* Main.storyboard */ = {
			isa = PBXVariantGroup;
			children = (
				B04FC27A19B4405700B2F2A9 /* Base */,
			);
			name = Main.storyboard;
			sourceTree = "<group>";
		};
		B04FC28F19B4405800B2F2A9 /* InfoPlist.strings */ = {
			isa = PBXVariantGroup;
			children = (
				B04FC29019B4405800B2F2A9 /* en */,
			);
			name = InfoPlist.strings;
			sourceTree = "<group>";
		};
/* End PBXVariantGroup section */

/* Begin XCBuildConfiguration section */
		B04FC29419B4405800B2F2A9 /* Debug */ = {
			isa = XCBuildConfiguration;
			buildSettings = {
				ALWAYS_SEARCH_USER_PATHS = NO;
				CLANG_CXX_LANGUAGE_STANDARD = "gnu++0x";
				CLANG_CXX_LIBRARY = "libc++";
				CLANG_ENABLE_MODULES = YES;
				CLANG_ENABLE_OBJC_ARC = YES;
				CLANG_WARN_BOOL_CONVERSION = YES;
				CLANG_WARN_CONSTANT_CONVERSION = YES;
				CLANG_WARN_DIRECT_OBJC_ISA_USAGE = YES_ERROR;
				CLANG_WARN_EMPTY_BODY = YES;
				CLANG_WARN_ENUM_CONVERSION = YES;
				CLANG_WARN_INT_CONVERSION = YES;
				CLANG_WARN_OBJC_ROOT_CLASS = YES_ERROR;
				CLANG_WARN__DUPLICATE_METHOD_MATCH = YES;
				"CODE_SIGN_IDENTITY[sdk=iphoneos*]" = "iPhone Developer";
				COPY_PHASE_STRIP = NO;
				GCC_C_LANGUAGE_STANDARD = gnu99;
				GCC_DYNAMIC_NO_PIC = NO;
				GCC_OPTIMIZATION_LEVEL = 0;
				GCC_PREPROCESSOR_DEFINITIONS = (
					"DEBUG=1",
					"$(inherited)",
				);
				GCC_SYMBOLS_PRIVATE_EXTERN = NO;
				GCC_WARN_64_TO_32_BIT_CONVERSION = YES;
				GCC_WARN_ABOUT_RETURN_TYPE = YES_ERROR;
				GCC_WARN_UNDECLARED_SELECTOR = YES;
				GCC_WARN_UNINITIALIZED_AUTOS = YES_AGGRESSIVE;
				GCC_WARN_UNUSED_FUNCTION = YES;
				GCC_WARN_UNUSED_VARIABLE = YES;
				IPHONEOS_DEPLOYMENT_TARGET = 7.1;
				ONLY_ACTIVE_ARCH = YES;
				SDKROOT = iphoneos;
			};
			name = Debug;
		};
		B04FC29519B4405800B2F2A9 /* Release */ = {
			isa = XCBuildConfiguration;
			buildSettings = {
				ALWAYS_SEARCH_USER_PATHS = NO;
				CLANG_CXX_LANGUAGE_STANDARD = "gnu++0x";
				CLANG_CXX_LIBRARY = "libc++";
				CLANG_ENABLE_MODULES = YES;
				CLANG_ENABLE_OBJC_ARC = YES;
				CLANG_WARN_BOOL_CONVERSION = YES;
				CLANG_WARN_CONSTANT_CONVERSION = YES;
				CLANG_WARN_DIRECT_OBJC_ISA_USAGE = YES_ERROR;
				CLANG_WARN_EMPTY_BODY = YES;
				CLANG_WARN_ENUM_CONVERSION = YES;
				CLANG_WARN_INT_CONVERSION = YES;
				CLANG_WARN_OBJC_ROOT_CLASS = YES_ERROR;
				CLANG_WARN__DUPLICATE_METHOD_MATCH = YES;
				"CODE_SIGN_IDENTITY[sdk=iphoneos*]" = "iPhone Developer";
				COPY_PHASE_STRIP = YES;
				ENABLE_NS_ASSERTIONS = NO;
				GCC_C_LANGUAGE_STANDARD = gnu99;
				GCC_WARN_64_TO_32_BIT_CONVERSION = YES;
				GCC_WARN_ABOUT_RETURN_TYPE = YES_ERROR;
				GCC_WARN_UNDECLARED_SELECTOR = YES;
				GCC_WARN_UNINITIALIZED_AUTOS = YES_AGGRESSIVE;
				GCC_WARN_UNUSED_FUNCTION = YES;
				GCC_WARN_UNUSED_VARIABLE = YES;
				IPHONEOS_DEPLOYMENT_TARGET = 7.1;
				SDKROOT = iphoneos;
				VALIDATE_PRODUCT = YES;
			};
			name = Release;
		};
		B04FC29719B4405800B2F2A9 /* Debug */ = {
			isa = XCBuildConfiguration;
			buildSettings = {
				ASSETCATALOG_COMPILER_APPICON_NAME = AppIcon;
				ASSETCATALOG_COMPILER_LAUNCHIMAGE_NAME = LaunchImage;
				GCC_PRECOMPILE_PREFIX_HEADER = YES;
				GCC_PREFIX_HEADER = "ProjectTrax/ProjectTrax-Prefix.pch";
				INFOPLIST_FILE = "ProjectTrax/ProjectTrax-Info.plist";
				PRODUCT_NAME = "$(TARGET_NAME)";
				WRAPPER_EXTENSION = app;
			};
			name = Debug;
		};
		B04FC29819B4405800B2F2A9 /* Release */ = {
			isa = XCBuildConfiguration;
			buildSettings = {
				ASSETCATALOG_COMPILER_APPICON_NAME = AppIcon;
				ASSETCATALOG_COMPILER_LAUNCHIMAGE_NAME = LaunchImage;
				GCC_PRECOMPILE_PREFIX_HEADER = YES;
				GCC_PREFIX_HEADER = "ProjectTrax/ProjectTrax-Prefix.pch";
				INFOPLIST_FILE = "ProjectTrax/ProjectTrax-Info.plist";
				PRODUCT_NAME = "$(TARGET_NAME)";
				WRAPPER_EXTENSION = app;
			};
			name = Release;
		};
		B04FC29A19B4405800B2F2A9 /* Debug */ = {
			isa = XCBuildConfiguration;
			buildSettings = {
				BUNDLE_LOADER = "$(BUILT_PRODUCTS_DIR)/ProjectTrax.app/ProjectTrax";
				FRAMEWORK_SEARCH_PATHS = (
					"$(SDKROOT)/Developer/Library/Frameworks",
					"$(inherited)",
					"$(DEVELOPER_FRAMEWORKS_DIR)",
				);
				GCC_PRECOMPILE_PREFIX_HEADER = YES;
				GCC_PREFIX_HEADER = "ProjectTrax/ProjectTrax-Prefix.pch";
				GCC_PREPROCESSOR_DEFINITIONS = (
					"DEBUG=1",
					"$(inherited)",
				);
				INFOPLIST_FILE = "ProjectTraxTests/ProjectTraxTests-Info.plist";
				PRODUCT_NAME = "$(TARGET_NAME)";
				TEST_HOST = "$(BUNDLE_LOADER)";
				WRAPPER_EXTENSION = xctest;
			};
			name = Debug;
		};
		B04FC29B19B4405800B2F2A9 /* Release */ = {
			isa = XCBuildConfiguration;
			buildSettings = {
				BUNDLE_LOADER = "$(BUILT_PRODUCTS_DIR)/ProjectTrax.app/ProjectTrax";
				FRAMEWORK_SEARCH_PATHS = (
					"$(SDKROOT)/Developer/Library/Frameworks",
					"$(inherited)",
					"$(DEVELOPER_FRAMEWORKS_DIR)",
				);
				GCC_PRECOMPILE_PREFIX_HEADER = YES;
				GCC_PREFIX_HEADER = "ProjectTrax/ProjectTrax-Prefix.pch";
				INFOPLIST_FILE = "ProjectTraxTests/ProjectTraxTests-Info.plist";
				PRODUCT_NAME = "$(TARGET_NAME)";
				TEST_HOST = "$(BUNDLE_LOADER)";
				WRAPPER_EXTENSION = xctest;
			};
			name = Release;
		};
/* End XCBuildConfiguration section */

/* Begin XCConfigurationList section */
		B04FC25F19B4405700B2F2A9 /* Build configuration list for PBXProject "ProjectTrax" */ = {
			isa = XCConfigurationList;
			buildConfigurations = (
				B04FC29419B4405800B2F2A9 /* Debug */,
				B04FC29519B4405800B2F2A9 /* Release */,
			);
			defaultConfigurationIsVisible = 0;
			defaultConfigurationName = Release;
		};
		B04FC29619B4405800B2F2A9 /* Build configuration list for PBXNativeTarget "ProjectTrax" */ = {
			isa = XCConfigurationList;
			buildConfigurations = (
				B04FC29719B4405800B2F2A9 /* Debug */,
				B04FC29819B4405800B2F2A9 /* Release */,
			);
			defaultConfigurationIsVisible = 0;
		};
		B04FC29919B4405800B2F2A9 /* Build configuration list for PBXNativeTarget "ProjectTraxTests" */ = {
			isa = XCConfigurationList;
			buildConfigurations = (
				B04FC29A19B4405800B2F2A9 /* Debug */,
				B04FC29B19B4405800B2F2A9 /* Release */,
			);
			defaultConfigurationIsVisible = 0;
		};
/* End XCConfigurationList section */
	};
	rootObject = B04FC25C19B4405700B2F2A9 /* Project object */;
}
